
Microsoft Visual Studio Solution File, Format Version 12.00
# Visual Studio 14
VisualStudioVersion = 14.0.25420.1
MinimumVisualStudioVersion = 10.0.40219.1
Project("{FAE04EC0-301F-11D3-BF4B-00C04F79EFBC}") = "MiniDuckSimulator", "ConsoleApplication\MiniDuckSimulator.csproj", "{42D48A79-2086-4390-96C9-46779B89E692}"
EndProject
Project("{2150E333-8FDC-42A3-9474-1A3956D46DE8}") = "Behavioral", "Behavioral", "{D0B4CD16-93D4-4AD9-A401-101FFDD246C8}"
EndProject
Project("{2150E333-8FDC-42A3-9474-1A3956D46DE8}") = "Creational", "Creational", "{D6E83420-D49B-40D6-A7EA-4568179F9E80}"
EndProject
Project("{2150E333-8FDC-42A3-9474-1A3956D46DE8}") = "Structural", "Structural", "{258F66B7-8129-4FE1-8DA8-B3F52574FFD3}"
EndProject
Project("{FAE04EC0-301F-11D3-BF4B-00C04F79EFBC}") = "StrategyPattern", "StrategyPattern\StrategyPattern.csproj", "{96BA2330-95E4-4617-8565-EAC69A6862D5}"
EndProject
Project("{2150E333-8FDC-42A3-9474-1A3956D46DE8}") = "Images", "Images", "{F913A882-5DB4-40A3-BBC6-59F22FAACA81}"
	ProjectSection(SolutionItems) = preProject
		..\..\..\..\Desktop\Whitney\DesignPatternImages\Chapter1Review.png = ..\..\..\..\Desktop\Whitney\DesignPatternImages\Chapter1Review.png
		..\..\..\..\Desktop\Whitney\DesignPatternImages\StrategyPatternDiagram.png = ..\..\..\..\Desktop\Whitney\DesignPatternImages\StrategyPatternDiagram.png
	EndProjectSection
EndProject
Project("{FAE04EC0-301F-11D3-BF4B-00C04F79EFBC}") = "ObserverPattern", "ObserverPattern\ObserverPattern.csproj", "{CAEE05E3-E3F4-429B-8217-6810FDBDA55D}"
EndProject
Project("{FAE04EC0-301F-11D3-BF4B-00C04F79EFBC}") = "WeatherStation", "WeatherStation\WeatherStation.csproj", "{A13F16F5-7141-4ACE-B364-52D2068409D6}"
EndProject
Project("{FAE04EC0-301F-11D3-BF4B-00C04F79EFBC}") = "DecoratorPattern", "DecoratorPattern\DecoratorPattern.csproj", "{67F63B61-2D2A-45C6-B579-263A31B7C01D}"
EndProject
Project("{FAE04EC0-301F-11D3-BF4B-00C04F79EFBC}") = "StarbuzzCoffee", "StarbuzzCoffee\StarbuzzCoffee.csproj", "{9B2A2396-784E-434C-8FCA-173E9E0265CD}"
EndProject
Global
	GlobalSection(SolutionConfigurationPlatforms) = preSolution
		Debug|Any CPU = Debug|Any CPU
		Release|Any CPU = Release|Any CPU
	EndGlobalSection
	GlobalSection(ProjectConfigurationPlatforms) = postSolution
		{42D48A79-2086-4390-96C9-46779B89E692}.Debug|Any CPU.ActiveCfg = Debug|Any CPU
		{42D48A79-2086-4390-96C9-46779B89E692}.Debug|Any CPU.Build.0 = Debug|Any CPU
		{42D48A79-2086-4390-96C9-46779B89E692}.Release|Any CPU.ActiveCfg = Release|Any CPU
		{42D48A79-2086-4390-96C9-46779B89E692}.Release|Any CPU.Build.0 = Release|Any CPU
		{96BA2330-95E4-4617-8565-EAC69A6862D5}.Debug|Any CPU.ActiveCfg = Debug|Any CPU
		{96BA2330-95E4-4617-8565-EAC69A6862D5}.Debug|Any CPU.Build.0 = Debug|Any CPU
		{96BA2330-95E4-4617-8565-EAC69A6862D5}.Release|Any CPU.ActiveCfg = Release|Any CPU
		{96BA2330-95E4-4617-8565-EAC69A6862D5}.Release|Any CPU.Build.0 = Release|Any CPU
		{CAEE05E3-E3F4-429B-8217-6810FDBDA55D}.Debug|Any CPU.ActiveCfg = Debug|Any CPU
		{CAEE05E3-E3F4-429B-8217-6810FDBDA55D}.Debug|Any CPU.Build.0 = Debug|Any CPU
		{CAEE05E3-E3F4-429B-8217-6810FDBDA55D}.Release|Any CPU.ActiveCfg = Release|Any CPU
		{CAEE05E3-E3F4-429B-8217-6810FDBDA55D}.Release|Any CPU.Build.0 = Release|Any CPU
		{A13F16F5-7141-4ACE-B364-52D2068409D6}.Debug|Any CPU.ActiveCfg = Debug|Any CPU
		{A13F16F5-7141-4ACE-B364-52D2068409D6}.Debug|Any CPU.Build.0 = Debug|Any CPU
		{A13F16F5-7141-4ACE-B364-52D2068409D6}.Release|Any CPU.ActiveCfg = Release|Any CPU
		{A13F16F5-7141-4ACE-B364-52D2068409D6}.Release|Any CPU.Build.0 = Release|Any CPU
		{67F63B61-2D2A-45C6-B579-263A31B7C01D}.Debug|Any CPU.ActiveCfg = Debug|Any CPU
		{67F63B61-2D2A-45C6-B579-263A31B7C01D}.Debug|Any CPU.Build.0 = Debug|Any CPU
		{67F63B61-2D2A-45C6-B579-263A31B7C01D}.Release|Any CPU.ActiveCfg = Release|Any CPU
		{67F63B61-2D2A-45C6-B579-263A31B7C01D}.Release|Any CPU.Build.0 = Release|Any CPU
		{9B2A2396-784E-434C-8FCA-173E9E0265CD}.Debug|Any CPU.ActiveCfg = Debug|Any CPU
		{9B2A2396-784E-434C-8FCA-173E9E0265CD}.Debug|Any CPU.Build.0 = Debug|Any CPU
		{9B2A2396-784E-434C-8FCA-173E9E0265CD}.Release|Any CPU.ActiveCfg = Release|Any CPU
		{9B2A2396-784E-434C-8FCA-173E9E0265CD}.Release|Any CPU.Build.0 = Release|Any CPU
	EndGlobalSection
	GlobalSection(SolutionProperties) = preSolution
		HideSolutionNode = FALSE
	EndGlobalSection
	GlobalSection(NestedProjects) = preSolution
		{96BA2330-95E4-4617-8565-EAC69A6862D5} = {D0B4CD16-93D4-4AD9-A401-101FFDD246C8}
		{CAEE05E3-E3F4-429B-8217-6810FDBDA55D} = {D0B4CD16-93D4-4AD9-A401-101FFDD246C8}
		{67F63B61-2D2A-45C6-B579-263A31B7C01D} = {258F66B7-8129-4FE1-8DA8-B3F52574FFD3}
	EndGlobalSection
EndGlobal
